
Microsoft Visual Studio Solution File, Format Version 12.00
# Visual Studio Version 16
VisualStudioVersion = 16.0.30804.86
MinimumVisualStudioVersion = 10.0.40219.1
Project("{FAE04EC0-301F-11D3-BF4B-00C04F79EFBC}") = "AdminReservationApp", "AdminReservationApp\AdminReservationApp.csproj", "{FE6D1AD2-4A67-498B-BB12-4AF2657E6670}"
EndProject
Project("{FAE04EC0-301F-11D3-BF4B-00C04F79EFBC}") = "AdminReservationApp.Tests", "AdminReservationApp.Tests\AdminReservationApp.Tests.csproj", "{F2778BC0-CFAF-4643-815F-37DE50BE1218}"
EndProject
Global
	GlobalSection(SolutionConfigurationPlatforms) = preSolution
		Debug|Any CPU = Debug|Any CPU
		Release|Any CPU = Release|Any CPU
	EndGlobalSection
	GlobalSection(ProjectConfigurationPlatforms) = postSolution
		{FE6D1AD2-4A67-498B-BB12-4AF2657E6670}.Debug|Any CPU.ActiveCfg = Debug|Any CPU
		{FE6D1AD2-4A67-498B-BB12-4AF2657E6670}.Debug|Any CPU.Build.0 = Debug|Any CPU
		{FE6D1AD2-4A67-498B-BB12-4AF2657E6670}.Release|Any CPU.ActiveCfg = Release|Any CPU
		{FE6D1AD2-4A67-498B-BB12-4AF2657E6670}.Release|Any CPU.Build.0 = Release|Any CPU
		{F2778BC0-CFAF-4643-815F-37DE50BE1218}.Debug|Any CPU.ActiveCfg = Debug|Any CPU
		{F2778BC0-CFAF-4643-815F-37DE50BE1218}.Debug|Any CPU.Build.0 = Debug|Any CPU
		{F2778BC0-CFAF-4643-815F-37DE50BE1218}.Release|Any CPU.ActiveCfg = Release|Any CPU
		{F2778BC0-CFAF-4643-815F-37DE50BE1218}.Release|Any CPU.Build.0 = Release|Any CPU
	EndGlobalSection
	GlobalSection(SolutionProperties) = preSolution
		HideSolutionNode = FALSE
	EndGlobalSection
	GlobalSection(ExtensibilityGlobals) = postSolution
		SolutionGuid = {E544738C-E5D0-44B6-AC33-573CEBDE4172}
	EndGlobalSection
EndGlobal
